
Microsoft Visual Studio Solution File, Format Version 12.00
# Visual Studio Version 17
VisualStudioVersion = 17.2.32602.215
MinimumVisualStudioVersion = 10.0.40219.1
Project("{8BC9CEB8-8B4A-11D0-8D11-00A0C91BC942}") = "DBSCAN", "DBSCAN.vcxproj", "{6ACD4340-89E4-4DC5-AACD-804B76ABEDD7}"
EndProject
Global
	GlobalSection(SolutionConfigurationPlatforms) = preSolution
		Debug|x64 = Debug|x64
		Debug|x86 = Debug|x86
		Release|x64 = Release|x64
		Release|x86 = Release|x86
	EndGlobalSection
	GlobalSection(ProjectConfigurationPlatforms) = postSolution
		{6ACD4340-89E4-4DC5-AACD-804B76ABEDD7}.Debug|x64.ActiveCfg = Debug|x64
		{6ACD4340-89E4-4DC5-AACD-804B76ABEDD7}.Debug|x64.Build.0 = Debug|x64
		{6ACD4340-89E4-4DC5-AACD-804B76ABEDD7}.Debug|x86.ActiveCfg = Debug|Win32
		{6ACD4340-89E4-4DC5-AACD-804B76ABEDD7}.Debug|x86.Build.0 = Debug|Win32
		{6ACD4340-89E4-4DC5-AACD-804B76ABEDD7}.Release|x64.ActiveCfg = Release|x64
		{6ACD4340-89E4-4DC5-AACD-804B76ABEDD7}.Release|x64.Build.0 = Release|x64
		{6ACD4340-89E4-4DC5-AACD-804B76ABEDD7}.Release|x86.ActiveCfg = Release|Win32
		{6ACD4340-89E4-4DC5-AACD-804B76ABEDD7}.Release|x86.Build.0 = Release|Win32
	EndGlobalSection
	GlobalSection(SolutionProperties) = preSolution
		HideSolutionNode = FALSE
	EndGlobalSection
	GlobalSection(ExtensibilityGlobals) = postSolution
		SolutionGuid = {8304099B-CB56-4051-8897-B29C47C124DF}
	EndGlobalSection
EndGlobal
